{
  "requires": true,
  "lockfileVersion": 1,
  "dependencies": {
    "javascript-natural-sort": {
      "version": "0.7.1",
      "resolved": "https://registry.npmjs.org/javascript-natural-sort/-/javascript-natural-sort-0.7.1.tgz",
      "integrity": "sha1-+eIwPUUH9tdDVac2ZNFED7Wg71k=",
      "optional": true
    },
    "shoestring": {
      "version": "2.0.1",
      "resolved": "https://registry.npmjs.org/shoestring/-/shoestring-2.0.1.tgz",
      "integrity": "sha512-F2jX6NN5OtZLzmt2Pnsfr4YZf7+H+3oZMTgRubtcS9Q+RuH0jZZASNsHkbrosX3GlHHfCF6QJgih+pxEY/pXhQ=="
    },
    "tablesaw": {
      "version": "3.0.9",
      "resolved": "https://registry.npmjs.org/tablesaw/-/tablesaw-3.0.9.tgz",
      "integrity": "sha512-seUnNrate+hm2dJtHaY/EBdyz1zMz43nprBeoz/7SXt3j4V7FRq2FfwR/a4DC+3I5IpSAQXYH1cTtB+LlJpY9w==",
      "requires": {
        "javascript-natural-sort": "^0.7.1",
        "shoestring": "^2.0.0"
      }
    }
  }
}
