
Microsoft Visual Studio Solution File, Format Version 12.00
# Visual Studio 2013
VisualStudioVersion = 12.0.40629.0
MinimumVisualStudioVersion = 10.0.40219.1
Project("{FAE04EC0-301F-11D3-BF4B-00C04F79EFBC}") = "Test_Obfuscar", "Test_Obfuscar\Test_Obfuscar.csproj", "{6DF125DD-782D-4ED7-944D-1BE01EFE88D8}"
EndProject
Project("{FAE04EC0-301F-11D3-BF4B-00C04F79EFBC}") = "ClassLibrary1", "ClassLibrary1\ClassLibrary1.csproj", "{112D3A93-F60D-40DD-B8F6-BA07B04ECAA1}"
EndProject
Project("{FAE04EC0-301F-11D3-BF4B-00C04F79EFBC}") = "ClassLibrary2", "ClassLibrary2\ClassLibrary2.csproj", "{8C055185-92C4-4397-AEE9-A1246FD77036}"
EndProject
Global
	GlobalSection(SolutionConfigurationPlatforms) = preSolution
		Debug|Any CPU = Debug|Any CPU
		Release|Any CPU = Release|Any CPU
	EndGlobalSection
	GlobalSection(ProjectConfigurationPlatforms) = postSolution
		{6DF125DD-782D-4ED7-944D-1BE01EFE88D8}.Debug|Any CPU.ActiveCfg = Debug|Any CPU
		{6DF125DD-782D-4ED7-944D-1BE01EFE88D8}.Debug|Any CPU.Build.0 = Debug|Any CPU
		{6DF125DD-782D-4ED7-944D-1BE01EFE88D8}.Release|Any CPU.ActiveCfg = Release|Any CPU
		{6DF125DD-782D-4ED7-944D-1BE01EFE88D8}.Release|Any CPU.Build.0 = Release|Any CPU
		{112D3A93-F60D-40DD-B8F6-BA07B04ECAA1}.Debug|Any CPU.ActiveCfg = Debug|Any CPU
		{112D3A93-F60D-40DD-B8F6-BA07B04ECAA1}.Debug|Any CPU.Build.0 = Debug|Any CPU
		{112D3A93-F60D-40DD-B8F6-BA07B04ECAA1}.Release|Any CPU.ActiveCfg = Release|Any CPU
		{112D3A93-F60D-40DD-B8F6-BA07B04ECAA1}.Release|Any CPU.Build.0 = Release|Any CPU
		{8C055185-92C4-4397-AEE9-A1246FD77036}.Debug|Any CPU.ActiveCfg = Debug|Any CPU
		{8C055185-92C4-4397-AEE9-A1246FD77036}.Debug|Any CPU.Build.0 = Debug|Any CPU
		{8C055185-92C4-4397-AEE9-A1246FD77036}.Release|Any CPU.ActiveCfg = Release|Any CPU
		{8C055185-92C4-4397-AEE9-A1246FD77036}.Release|Any CPU.Build.0 = Release|Any CPU
	EndGlobalSection
	GlobalSection(SolutionProperties) = preSolution
		HideSolutionNode = FALSE
	EndGlobalSection
EndGlobal
